# This file was autogenerated by Stack.
# You should not edit this file by hand.
# For more information, please see the documentation at:
#   https://docs.haskellstack.org/en/stable/lock_files

packages:
- completed:
    hackage: MemoTrie-0.6.11@sha256:edda47de940a047237c395a85ac3216db6d25888002293853d7eebd01beb5da6,1516
    pantry-tree:
      sha256: 38df5299ea29682697353800ff19a014c0b92ac436d939d1b62755f764a1b40f
      size: 274
  original:
    hackage: MemoTrie-0.6.11
- completed:
    hackage: memoize-1.1.2@sha256:d7701b55ed63434d1e8b507d0a76bb58f2fe31b7ce329132e1ca808c7001da49,1928
    pantry-tree:
      sha256: 8c99f1a87a270c8b8fb2238a0a94b346a986cb502753162dab909ed8b2ff44ad
      size: 687
  original:
    hackage: memoize-1.1.2
- completed:
    hackage: ghc-prof-1.4.1.12@sha256:0146d3324470db81f6ed1d84b445f1d1aadaeb2e4e045876f5cd231a0946b713,2117
    pantry-tree:
      sha256: 37a45db4d22b7b20bd06343cfc9517cadf84536da9cb694a822f6c857d385675
      size: 687
  original:
    hackage: ghc-prof-1.4.1.12
snapshots:
- completed:
    sha256: 08bd13ce621b41a8f5e51456b38d5b46d7783ce114a50ab604d6bbab0d002146
    size: 720271
    url: https://raw.githubusercontent.com/commercialhaskell/stackage-snapshots/master/lts/22/43.yaml
  original:
    url: https://raw.githubusercontent.com/commercialhaskell/stackage-snapshots/master/lts/22/43.yaml
